
Microsoft Visual Studio Solution File, Format Version 12.00
# Visual Studio Version 17
VisualStudioVersion = 17.10.34818.151
MinimumVisualStudioVersion = 10.0.40219.1
Project("{FAE04EC0-301F-11D3-BF4B-00C04F79EFBC}") = "AceInternBatch1.RestApi", "AceInternBatch1.RestApi\AceInternBatch1.RestApi.csproj", "{48A10067-E340-4577-9922-D354A3329480}"
EndProject
Global
	GlobalSection(SolutionConfigurationPlatforms) = preSolution
		Debug|Any CPU = Debug|Any CPU
		Release|Any CPU = Release|Any CPU
	EndGlobalSection
	GlobalSection(ProjectConfigurationPlatforms) = postSolution
		{48A10067-E340-4577-9922-D354A3329480}.Debug|Any CPU.ActiveCfg = Debug|Any CPU
		{48A10067-E340-4577-9922-D354A3329480}.Debug|Any CPU.Build.0 = Debug|Any CPU
		{48A10067-E340-4577-9922-D354A3329480}.Release|Any CPU.ActiveCfg = Release|Any CPU
		{48A10067-E340-4577-9922-D354A3329480}.Release|Any CPU.Build.0 = Release|Any CPU
	EndGlobalSection
	GlobalSection(SolutionProperties) = preSolution
		HideSolutionNode = FALSE
	EndGlobalSection
	GlobalSection(ExtensibilityGlobals) = postSolution
		SolutionGuid = {35A47A3E-8775-406B-A43D-94349B628FFA}
	EndGlobalSection
EndGlobal
